// !$*UTF8*$!
{
	archiveVersion = 1;
	classes = {
	};
	objectVersion = 56;
	objects = {

/* Begin PBXBuildFile section */
		4E18A8502A8F75F000CB1621 /* Appdelegate.swift in Sources */ = {isa = PBXBuildFile; fileRef = 4E18A84F2A8F75F000CB1621 /* Appdelegate.swift */; };
		4E18A8522A930C9700CB1621 /* GridDemo.swift in Sources */ = {isa = PBXBuildFile; fileRef = 4E18A8512A930C9700CB1621 /* GridDemo.swift */; };
		4E18A8542A933A6400CB1621 /* ToggleDemo.swift in Sources */ = {isa = PBXBuildFile; fileRef = 4E18A8532A933A6400CB1621 /* ToggleDemo.swift */; };
		4E6E66FC2A8F47C8006D517C /* CocopodsDemoApp.swift in Sources */ = {isa = PBXBuildFile; fileRef = 4E6E66FB2A8F47C8006D517C /* CocopodsDemoApp.swift */; };
		4E6E66FE2A8F47C8006D517C /* ContentView.swift in Sources */ = {isa = PBXBuildFile; fileRef = 4E6E66FD2A8F47C8006D517C /* ContentView.swift */; };
		4E6E67002A8F47C9006D517C /* Assets.xcassets in Resources */ = {isa = PBXBuildFile; fileRef = 4E6E66FF2A8F47C9006D517C /* Assets.xcassets */; };
		4E6E67032A8F47C9006D517C /* Preview Assets.xcassets in Resources */ = {isa = PBXBuildFile; fileRef = 4E6E67022A8F47C9006D517C /* Preview Assets.xcassets */; };
		4E6E670A2A8F47F0006D517C /* Podfile in Resources */ = {isa = PBXBuildFile; fileRef = 4E6E67092A8F47F0006D517C /* Podfile */; };
		4E6E670D2A8F4E1C006D517C /* SDWebImageSwiftUI in Frameworks */ = {isa = PBXBuildFile; productRef = 4E6E670C2A8F4E1C006D517C /* SDWebImageSwiftUI */; };
/* End PBXBuildFile section */

/* Begin PBXFileReference section */
		4E18A84F2A8F75F000CB1621 /* Appdelegate.swift */ = {isa = PBXFileReference; lastKnownFileType = sourcecode.swift; path = Appdelegate.swift; sourceTree = "<group>"; };
		4E18A8512A930C9700CB1621 /* GridDemo.swift */ = {isa = PBXFileReference; lastKnownFileType = sourcecode.swift; path = GridDemo.swift; sourceTree = "<group>"; };
		4E18A8532A933A6400CB1621 /* ToggleDemo.swift */ = {isa = PBXFileReference; lastKnownFileType = sourcecode.swift; path = ToggleDemo.swift; sourceTree = "<group>"; };
		4E6E66F82A8F47C8006D517C /* CocopodsDemo.app */ = {isa = PBXFileReference; explicitFileType = wrapper.application; includeInIndex = 0; path = CocopodsDemo.app; sourceTree = BUILT_PRODUCTS_DIR; };
		4E6E66FB2A8F47C8006D517C /* CocopodsDemoApp.swift */ = {isa = PBXFileReference; lastKnownFileType = sourcecode.swift; path = CocopodsDemoApp.swift; sourceTree = "<group>"; };
		4E6E66FD2A8F47C8006D517C /* ContentView.swift */ = {isa = PBXFileReference; lastKnownFileType = sourcecode.swift; path = ContentView.swift; sourceTree = "<group>"; };
		4E6E66FF2A8F47C9006D517C /* Assets.xcassets */ = {isa = PBXFileReference; lastKnownFileType = folder.assetcatalog; path = Assets.xcassets; sourceTree = "<group>"; };
		4E6E67022A8F47C9006D517C /* Preview Assets.xcassets */ = {isa = PBXFileReference; lastKnownFileType = folder.assetcatalog; path = "Preview Assets.xcassets"; sourceTree = "<group>"; };
		4E6E67092A8F47F0006D517C /* Podfile */ = {isa = PBXFileReference; lastKnownFileType = text; path = Podfile; sourceTree = "<group>"; };
/* End PBXFileReference section */

/* Begin PBXFrameworksBuildPhase section */
		4E6E66F52A8F47C8006D517C /* Frameworks */ = {
			isa = PBXFrameworksBuildPhase;
			buildActionMask = 2147483647;
			files = (
				4E6E670D2A8F4E1C006D517C /* SDWebImageSwiftUI in Frameworks */,
			);
			runOnlyForDeploymentPostprocessing = 0;
		};
/* End PBXFrameworksBuildPhase section */

/* Begin PBXGroup section */
		4E6E66EF2A8F47C8006D517C = {
			isa = PBXGroup;
			children = (
				4E6E67092A8F47F0006D517C /* Podfile */,
				4E6E66FA2A8F47C8006D517C /* CocopodsDemo */,
				4E6E66F92A8F47C8006D517C /* Products */,
			);
			sourceTree = "<group>";
		};
		4E6E66F92A8F47C8006D517C /* Products */ = {
			isa = PBXGroup;
			children = (
				4E6E66F82A8F47C8006D517C /* CocopodsDemo.app */,
			);
			name = Products;
			sourceTree = "<group>";
		};
		4E6E66FA2A8F47C8006D517C /* CocopodsDemo */ = {
			isa = PBXGroup;
			children = (
				4E6E66FB2A8F47C8006D517C /* CocopodsDemoApp.swift */,
				4E6E66FD2A8F47C8006D517C /* ContentView.swift */,
				4E6E66FF2A8F47C9006D517C /* Assets.xcassets */,
				4E6E67012A8F47C9006D517C /* Preview Content */,
				4E18A84F2A8F75F000CB1621 /* Appdelegate.swift */,
				4E18A8512A930C9700CB1621 /* GridDemo.swift */,
				4E18A8532A933A6400CB1621 /* ToggleDemo.swift */,
			);
			path = CocopodsDemo;
			sourceTree = "<group>";
		};
		4E6E67012A8F47C9006D517C /* Preview Content */ = {
			isa = PBXGroup;
			children = (
				4E6E67022A8F47C9006D517C /* Preview Assets.xcassets */,
			);
			path = "Preview Content";
			sourceTree = "<group>";
		};
/* End PBXGroup section */

/* Begin PBXNativeTarget section */
		4E6E66F72A8F47C8006D517C /* CocopodsDemo */ = {
			isa = PBXNativeTarget;
			buildConfigurationList = 4E6E67062A8F47C9006D517C /* Build configuration list for PBXNativeTarget "CocopodsDemo" */;
			buildPhases = (
				4E6E66F42A8F47C8006D517C /* Sources */,
				4E6E66F52A8F47C8006D517C /* Frameworks */,
				4E6E66F62A8F47C8006D517C /* Resources */,
			);
			buildRules = (
			);
			dependencies = (
			);
			name = CocopodsDemo;
			packageProductDependencies = (
				4E6E670C2A8F4E1C006D517C /* SDWebImageSwiftUI */,
			);
			productName = CocopodsDemo;
			productReference = 4E6E66F82A8F47C8006D517C /* CocopodsDemo.app */;
			productType = "com.apple.product-type.application";
		};
/* End PBXNativeTarget section */

/* Begin PBXProject section */
		4E6E66F02A8F47C8006D517C /* Project object */ = {
			isa = PBXProject;
			attributes = {
				BuildIndependentTargetsInParallel = 1;
				LastSwiftUpdateCheck = 1430;
				LastUpgradeCheck = 1430;
				TargetAttributes = {
					4E6E66F72A8F47C8006D517C = {
						CreatedOnToolsVersion = 14.3.1;
					};
				};
			};
			buildConfigurationList = 4E6E66F32A8F47C8006D517C /* Build configuration list for PBXProject "CocopodsDemo" */;
			compatibilityVersion = "Xcode 14.0";
			developmentRegion = en;
			hasScannedForEncodings = 0;
			knownRegions = (
				en,
				Base,
			);
			mainGroup = 4E6E66EF2A8F47C8006D517C;
			packageReferences = (
				4E6E670B2A8F4E1C006D517C /* XCRemoteSwiftPackageReference "SDWebImageSwiftUI" */,
			);
			productRefGroup = 4E6E66F92A8F47C8006D517C /* Products */;
			projectDirPath = "";
			projectRoot = "";
			targets = (
				4E6E66F72A8F47C8006D517C /* CocopodsDemo */,
			);
		};
/* End PBXProject section */

/* Begin PBXResourcesBuildPhase section */
		4E6E66F62A8F47C8006D517C /* Resources */ = {
			isa = PBXResourcesBuildPhase;
			buildActionMask = 2147483647;
			files = (
				4E6E670A2A8F47F0006D517C /* Podfile in Resources */,
				4E6E67032A8F47C9006D517C /* Preview Assets.xcassets in Resources */,
				4E6E67002A8F47C9006D517C /* Assets.xcassets in Resources */,
			);
			runOnlyForDeploymentPostprocessing = 0;
		};
/* End PBXResourcesBuildPhase section */

/* Begin PBXSourcesBuildPhase section */
		4E6E66F42A8F47C8006D517C /* Sources */ = {
			isa = PBXSourcesBuildPhase;
			buildActionMask = 2147483647;
			files = (
				4E18A8542A933A6400CB1621 /* ToggleDemo.swift in Sources */,
				4E18A8522A930C9700CB1621 /* GridDemo.swift in Sources */,
				4E6E66FE2A8F47C8006D517C /* ContentView.swift in Sources */,
				4E18A8502A8F75F000CB1621 /* Appdelegate.swift in Sources */,
				4E6E66FC2A8F47C8006D517C /* CocopodsDemoApp.swift in Sources */,
			);
			runOnlyForDeploymentPostprocessing = 0;
		};
/* End PBXSourcesBuildPhase section */

/* Begin XCBuildConfiguration section */
		4E6E67042A8F47C9006D517C /* Debug */ = {
			isa = XCBuildConfiguration;
			buildSettings = {
				ALWAYS_SEARCH_USER_PATHS = NO;
				CLANG_ANALYZER_NONNULL = YES;
				CLANG_ANALYZER_NUMBER_OBJECT_CONVERSION = YES_AGGRESSIVE;
				CLANG_CXX_LANGUAGE_STANDARD = "gnu++20";
				CLANG_ENABLE_MODULES = YES;
				CLANG_ENABLE_OBJC_ARC = YES;
				CLANG_ENABLE_OBJC_WEAK = YES;
				CLANG_WARN_BLOCK_CAPTURE_AUTORELEASING = YES;
				CLANG_WARN_BOOL_CONVERSION = YES;
				CLANG_WARN_COMMA = YES;
				CLANG_WARN_CONSTANT_CONVERSION = YES;
				CLANG_WARN_DEPRECATED_OBJC_IMPLEMENTATIONS = YES;
				CLANG_WARN_DIRECT_OBJC_ISA_USAGE = YES_ERROR;
				CLANG_WARN_DOCUMENTATION_COMMENTS = YES;
				CLANG_WARN_EMPTY_BODY = YES;
				CLANG_WARN_ENUM_CONVERSION = YES;
				CLANG_WARN_INFINITE_RECURSION = YES;
				CLANG_WARN_INT_CONVERSION = YES;
				CLANG_WARN_NON_LITERAL_NULL_CONVERSION = YES;
				CLANG_WARN_OBJC_IMPLICIT_RETAIN_SELF = YES;
				CLANG_WARN_OBJC_LITERAL_CONVERSION = YES;
				CLANG_WARN_OBJC_ROOT_CLASS = YES_ERROR;
				CLANG_WARN_QUOTED_INCLUDE_IN_FRAMEWORK_HEADER = YES;
				CLANG_WARN_RANGE_LOOP_ANALYSIS = YES;
				CLANG_WARN_STRICT_PROTOTYPES = YES;
				CLANG_WARN_SUSPICIOUS_MOVE = YES;
				CLANG_WARN_UNGUARDED_AVAILABILITY = YES_AGGRESSIVE;
				CLANG_WARN_UNREACHABLE_CODE = YES;
				CLANG_WARN__DUPLICATE_METHOD_MATCH = YES;
				COPY_PHASE_STRIP = NO;
				DEBUG_INFORMATION_FORMAT = dwarf;
				ENABLE_STRICT_OBJC_MSGSEND = YES;
				ENABLE_TESTABILITY = YES;
				GCC_C_LANGUAGE_STANDARD = gnu11;
				GCC_DYNAMIC_NO_PIC = NO;
				GCC_NO_COMMON_BLOCKS = YES;
				GCC_OPTIMIZATION_LEVEL = 0;
				GCC_PREPROCESSOR_DEFINITIONS = (
					"DEBUG=1",
					"$(inherited)",
				);
				GCC_WARN_64_TO_32_BIT_CONVERSION = YES;
				GCC_WARN_ABOUT_RETURN_TYPE = YES_ERROR;
				GCC_WARN_UNDECLARED_SELECTOR = YES;
				GCC_WARN_UNINITIALIZED_AUTOS = YES_AGGRESSIVE;
				GCC_WARN_UNUSED_FUNCTION = YES;
				GCC_WARN_UNUSED_VARIABLE = YES;
				IPHONEOS_DEPLOYMENT_TARGET = 16.4;
				MTL_ENABLE_DEBUG_INFO = INCLUDE_SOURCE;
				MTL_FAST_MATH = YES;
				ONLY_ACTIVE_ARCH = YES;
				SDKROOT = iphoneos;
				SWIFT_ACTIVE_COMPILATION_CONDITIONS = DEBUG;
				SWIFT_OPTIMIZATION_LEVEL = "-Onone";
			};
			name = Debug;
		};
		4E6E67052A8F47C9006D517C /* Release */ = {
			isa = XCBuildConfiguration;
			buildSettings = {
				ALWAYS_SEARCH_USER_PATHS = NO;
				CLANG_ANALYZER_NONNULL = YES;
				CLANG_ANALYZER_NUMBER_OBJECT_CONVERSION = YES_AGGRESSIVE;
				CLANG_CXX_LANGUAGE_STANDARD = "gnu++20";
				CLANG_ENABLE_MODULES = YES;
				CLANG_ENABLE_OBJC_ARC = YES;
				CLANG_ENABLE_OBJC_WEAK = YES;
				CLANG_WARN_BLOCK_CAPTURE_AUTORELEASING = YES;
				CLANG_WARN_BOOL_CONVERSION = YES;
				CLANG_WARN_COMMA = YES;
				CLANG_WARN_CONSTANT_CONVERSION = YES;
				CLANG_WARN_DEPRECATED_OBJC_IMPLEMENTATIONS = YES;
				CLANG_WARN_DIRECT_OBJC_ISA_USAGE = YES_ERROR;
				CLANG_WARN_DOCUMENTATION_COMMENTS = YES;
				CLANG_WARN_EMPTY_BODY = YES;
				CLANG_WARN_ENUM_CONVERSION = YES;
				CLANG_WARN_INFINITE_RECURSION = YES;
				CLANG_WARN_INT_CONVERSION = YES;
				CLANG_WARN_NON_LITERAL_NULL_CONVERSION = YES;
				CLANG_WARN_OBJC_IMPLICIT_RETAIN_SELF = YES;
				CLANG_WARN_OBJC_LITERAL_CONVERSION = YES;
				CLANG_WARN_OBJC_ROOT_CLASS = YES_ERROR;
				CLANG_WARN_QUOTED_INCLUDE_IN_FRAMEWORK_HEADER = YES;
				CLANG_WARN_RANGE_LOOP_ANALYSIS = YES;
				CLANG_WARN_STRICT_PROTOTYPES = YES;
				CLANG_WARN_SUSPICIOUS_MOVE = YES;
				CLANG_WARN_UNGUARDED_AVAILABILITY = YES_AGGRESSIVE;
				CLANG_WARN_UNREACHABLE_CODE = YES;
				CLANG_WARN__DUPLICATE_METHOD_MATCH = YES;
				COPY_PHASE_STRIP = NO;
				DEBUG_INFORMATION_FORMAT = "dwarf-with-dsym";
				ENABLE_NS_ASSERTIONS = NO;
				ENABLE_STRICT_OBJC_MSGSEND = YES;
				GCC_C_LANGUAGE_STANDARD = gnu11;
				GCC_NO_COMMON_BLOCKS = YES;
				GCC_WARN_64_TO_32_BIT_CONVERSION = YES;
				GCC_WARN_ABOUT_RETURN_TYPE = YES_ERROR;
				GCC_WARN_UNDECLARED_SELECTOR = YES;
				GCC_WARN_UNINITIALIZED_AUTOS = YES_AGGRESSIVE;
				GCC_WARN_UNUSED_FUNCTION = YES;
				GCC_WARN_UNUSED_VARIABLE = YES;
				IPHONEOS_DEPLOYMENT_TARGET = 16.4;
				MTL_ENABLE_DEBUG_INFO = NO;
				MTL_FAST_MATH = YES;
				SDKROOT = iphoneos;
				SWIFT_COMPILATION_MODE = wholemodule;
				SWIFT_OPTIMIZATION_LEVEL = "-O";
				VALIDATE_PRODUCT = YES;
			};
			name = Release;
		};
		4E6E67072A8F47C9006D517C /* Debug */ = {
			isa = XCBuildConfiguration;
			buildSettings = {
				ASSETCATALOG_COMPILER_APPICON_NAME = AppIcon;
				ASSETCATALOG_COMPILER_GLOBAL_ACCENT_COLOR_NAME = AccentColor;
				CODE_SIGN_STYLE = Automatic;
				CURRENT_PROJECT_VERSION = 1;
				DEVELOPMENT_ASSET_PATHS = "\"CocopodsDemo/Preview Content\"";
				DEVELOPMENT_TEAM = L6PPAXJJ8G;
				ENABLE_PREVIEWS = YES;
				GENERATE_INFOPLIST_FILE = YES;
				INFOPLIST_KEY_UIApplicationSceneManifest_Generation = YES;
				INFOPLIST_KEY_UIApplicationSupportsIndirectInputEvents = YES;
				INFOPLIST_KEY_UILaunchScreen_Generation = YES;
				INFOPLIST_KEY_UISupportedInterfaceOrientations_iPad = "UIInterfaceOrientationPortrait UIInterfaceOrientationPortraitUpsideDown UIInterfaceOrientationLandscapeLeft UIInterfaceOrientationLandscapeRight";
				INFOPLIST_KEY_UISupportedInterfaceOrientations_iPhone = "UIInterfaceOrientationPortrait UIInterfaceOrientationLandscapeLeft UIInterfaceOrientationLandscapeRight";
				LD_RUNPATH_SEARCH_PATHS = (
					"$(inherited)",
					"@executable_path/Frameworks",
				);
				MARKETING_VERSION = 1.0;
				PRODUCT_BUNDLE_IDENTIFIER = com.insutech.CocopodsDemo;
				PRODUCT_NAME = "$(TARGET_NAME)";
				SWIFT_EMIT_LOC_STRINGS = YES;
				SWIFT_VERSION = 5.0;
				TARGETED_DEVICE_FAMILY = "1,2";
			};
			name = Debug;
		};
		4E6E67082A8F47C9006D517C /* Release */ = {
			isa = XCBuildConfiguration;
			buildSettings = {
				ASSETCATALOG_COMPILER_APPICON_NAME = AppIcon;
				ASSETCATALOG_COMPILER_GLOBAL_ACCENT_COLOR_NAME = AccentColor;
				CODE_SIGN_STYLE = Automatic;
				CURRENT_PROJECT_VERSION = 1;
				DEVELOPMENT_ASSET_PATHS = "\"CocopodsDemo/Preview Content\"";
				DEVELOPMENT_TEAM = L6PPAXJJ8G;
				ENABLE_PREVIEWS = YES;
				GENERATE_INFOPLIST_FILE = YES;
				INFOPLIST_KEY_UIApplicationSceneManifest_Generation = YES;
				INFOPLIST_KEY_UIApplicationSupportsIndirectInputEvents = YES;
				INFOPLIST_KEY_UILaunchScreen_Generation = YES;
				INFOPLIST_KEY_UISupportedInterfaceOrientations_iPad = "UIInterfaceOrientationPortrait UIInterfaceOrientationPortraitUpsideDown UIInterfaceOrientationLandscapeLeft UIInterfaceOrientationLandscapeRight";
				INFOPLIST_KEY_UISupportedInterfaceOrientations_iPhone = "UIInterfaceOrientationPortrait UIInterfaceOrientationLandscapeLeft UIInterfaceOrientationLandscapeRight";
				LD_RUNPATH_SEARCH_PATHS = (
					"$(inherited)",
					"@executable_path/Frameworks",
				);
				MARKETING_VERSION = 1.0;
				PRODUCT_BUNDLE_IDENTIFIER = com.insutech.CocopodsDemo;
				PRODUCT_NAME = "$(TARGET_NAME)";
				SWIFT_EMIT_LOC_STRINGS = YES;
				SWIFT_VERSION = 5.0;
				TARGETED_DEVICE_FAMILY = "1,2";
			};
			name = Release;
		};
/* End XCBuildConfiguration section */

/* Begin XCConfigurationList section */
		4E6E66F32A8F47C8006D517C /* Build configuration list for PBXProject "CocopodsDemo" */ = {
			isa = XCConfigurationList;
			buildConfigurations = (
				4E6E67042A8F47C9006D517C /* Debug */,
				4E6E67052A8F47C9006D517C /* Release */,
			);
			defaultConfigurationIsVisible = 0;
			defaultConfigurationName = Release;
		};
		4E6E67062A8F47C9006D517C /* Build configuration list for PBXNativeTarget "CocopodsDemo" */ = {
			isa = XCConfigurationList;
			buildConfigurations = (
				4E6E67072A8F47C9006D517C /* Debug */,
				4E6E67082A8F47C9006D517C /* Release */,
			);
			defaultConfigurationIsVisible = 0;
			defaultConfigurationName = Release;
		};
/* End XCConfigurationList section */

/* Begin XCRemoteSwiftPackageReference section */
		4E6E670B2A8F4E1C006D517C /* XCRemoteSwiftPackageReference "SDWebImageSwiftUI" */ = {
			isa = XCRemoteSwiftPackageReference;
			repositoryURL = "https://github.com/SDWebImage/SDWebImageSwiftUI.git";
			requirement = {
				kind = upToNextMajorVersion;
				minimumVersion = 2.0.0;
			};
		};
/* End XCRemoteSwiftPackageReference section */

/* Begin XCSwiftPackageProductDependency section */
		4E6E670C2A8F4E1C006D517C /* SDWebImageSwiftUI */ = {
			isa = XCSwiftPackageProductDependency;
			package = 4E6E670B2A8F4E1C006D517C /* XCRemoteSwiftPackageReference "SDWebImageSwiftUI" */;
			productName = SDWebImageSwiftUI;
		};
/* End XCSwiftPackageProductDependency section */
	};
	rootObject = 4E6E66F02A8F47C8006D517C /* Project object */;
}
